
Microsoft Visual Studio Solution File, Format Version 12.00
# Visual Studio 15
Project("{FAE04EC0-301F-11D3-BF4B-00C04F79EFBC}") = "HelloWorld", "HelloWorld\HelloWorld.csproj", "{91037913-F471-4288-8AEE-E0D8D8F00E07}"
EndProject
Project("{FAE04EC0-301F-11D3-BF4B-00C04F79EFBC}") = "AreaOfCircle", "AreaOfCircle\AreaOfCircle.csproj", "{3431B5CC-0F71-4DF8-A896-2F753DC73149}"
EndProject
Project("{FAE04EC0-301F-11D3-BF4B-00C04F79EFBC}") = "FindSquareRoot", "FindSquareRoot\FindSquareRoot.csproj", "{CF8CCC02-C13B-49D2-865F-368065F43B5C}"
EndProject
Project("{FAE04EC0-301F-11D3-BF4B-00C04F79EFBC}") = "FindTheNumber", "FindTheNumber\FindTheNumber.csproj", "{03D0C47B-82AA-4A8B-A944-7D76B2EB154B}"
EndProject
Project("{FAE04EC0-301F-11D3-BF4B-00C04F79EFBC}") = "BombsOrBlooms", "BombsOrBlooms\BombsOrBlooms.csproj", "{AC55B64B-6D35-456A-BDBC-A0A0719846FE}"
EndProject
Project("{FAE04EC0-301F-11D3-BF4B-00C04F79EFBC}") = "WordCount", "WordCount\WordCount.csproj", "{DCF46CF0-65FA-4ED8-9D2E-9D4972D5E569}"
EndProject
Project("{FAE04EC0-301F-11D3-BF4B-00C04F79EFBC}") = "Calculator", "Calculator\Calculator.csproj", "{C3CFEE2E-408C-49F8-BDF2-E470D64879A8}"
EndProject
Project("{FAE04EC0-301F-11D3-BF4B-00C04F79EFBC}") = "Points", "Points\Points.csproj", "{191860E1-8C17-44EA-96B6-CCCFD47F9138}"
EndProject
Project("{FAE04EC0-301F-11D3-BF4B-00C04F79EFBC}") = "DirectoryListing", "DirectoryListing\DirectoryListing.csproj", "{A54858B5-BAFA-4F54-92F9-679055D7840E}"
EndProject
Global
	GlobalSection(SolutionConfigurationPlatforms) = preSolution
		Debug|Any CPU = Debug|Any CPU
		Release|Any CPU = Release|Any CPU
		Debug|iPhoneSimulator = Debug|iPhoneSimulator
		Release|iPhoneSimulator = Release|iPhoneSimulator
		Debug|iPhone = Debug|iPhone
		Release|iPhone = Release|iPhone
	EndGlobalSection
	GlobalSection(ProjectConfigurationPlatforms) = postSolution
		{91037913-F471-4288-8AEE-E0D8D8F00E07}.Debug|Any CPU.ActiveCfg = Debug|Any CPU
		{91037913-F471-4288-8AEE-E0D8D8F00E07}.Debug|Any CPU.Build.0 = Debug|Any CPU
		{91037913-F471-4288-8AEE-E0D8D8F00E07}.Release|Any CPU.ActiveCfg = Release|Any CPU
		{91037913-F471-4288-8AEE-E0D8D8F00E07}.Release|Any CPU.Build.0 = Release|Any CPU
		{91037913-F471-4288-8AEE-E0D8D8F00E07}.Debug|iPhoneSimulator.ActiveCfg = Debug|Any CPU
		{91037913-F471-4288-8AEE-E0D8D8F00E07}.Debug|iPhoneSimulator.Build.0 = Debug|Any CPU
		{91037913-F471-4288-8AEE-E0D8D8F00E07}.Release|iPhoneSimulator.ActiveCfg = Release|Any CPU
		{91037913-F471-4288-8AEE-E0D8D8F00E07}.Release|iPhoneSimulator.Build.0 = Release|Any CPU
		{91037913-F471-4288-8AEE-E0D8D8F00E07}.Debug|iPhone.ActiveCfg = Debug|Any CPU
		{91037913-F471-4288-8AEE-E0D8D8F00E07}.Debug|iPhone.Build.0 = Debug|Any CPU
		{91037913-F471-4288-8AEE-E0D8D8F00E07}.Release|iPhone.ActiveCfg = Release|Any CPU
		{91037913-F471-4288-8AEE-E0D8D8F00E07}.Release|iPhone.Build.0 = Release|Any CPU
		{3431B5CC-0F71-4DF8-A896-2F753DC73149}.Debug|Any CPU.ActiveCfg = Debug|Any CPU
		{3431B5CC-0F71-4DF8-A896-2F753DC73149}.Debug|Any CPU.Build.0 = Debug|Any CPU
		{3431B5CC-0F71-4DF8-A896-2F753DC73149}.Release|Any CPU.ActiveCfg = Release|Any CPU
		{3431B5CC-0F71-4DF8-A896-2F753DC73149}.Release|Any CPU.Build.0 = Release|Any CPU
		{3431B5CC-0F71-4DF8-A896-2F753DC73149}.Debug|iPhoneSimulator.ActiveCfg = Debug|Any CPU
		{3431B5CC-0F71-4DF8-A896-2F753DC73149}.Debug|iPhoneSimulator.Build.0 = Debug|Any CPU
		{3431B5CC-0F71-4DF8-A896-2F753DC73149}.Release|iPhoneSimulator.ActiveCfg = Release|Any CPU
		{3431B5CC-0F71-4DF8-A896-2F753DC73149}.Release|iPhoneSimulator.Build.0 = Release|Any CPU
		{3431B5CC-0F71-4DF8-A896-2F753DC73149}.Debug|iPhone.ActiveCfg = Debug|Any CPU
		{3431B5CC-0F71-4DF8-A896-2F753DC73149}.Debug|iPhone.Build.0 = Debug|Any CPU
		{3431B5CC-0F71-4DF8-A896-2F753DC73149}.Release|iPhone.ActiveCfg = Release|Any CPU
		{3431B5CC-0F71-4DF8-A896-2F753DC73149}.Release|iPhone.Build.0 = Release|Any CPU
		{CF8CCC02-C13B-49D2-865F-368065F43B5C}.Debug|Any CPU.ActiveCfg = Debug|Any CPU
		{CF8CCC02-C13B-49D2-865F-368065F43B5C}.Debug|Any CPU.Build.0 = Debug|Any CPU
		{CF8CCC02-C13B-49D2-865F-368065F43B5C}.Release|Any CPU.ActiveCfg = Release|Any CPU
		{CF8CCC02-C13B-49D2-865F-368065F43B5C}.Release|Any CPU.Build.0 = Release|Any CPU
		{CF8CCC02-C13B-49D2-865F-368065F43B5C}.Debug|iPhoneSimulator.ActiveCfg = Debug|Any CPU
		{CF8CCC02-C13B-49D2-865F-368065F43B5C}.Debug|iPhoneSimulator.Build.0 = Debug|Any CPU
		{CF8CCC02-C13B-49D2-865F-368065F43B5C}.Release|iPhoneSimulator.ActiveCfg = Release|Any CPU
		{CF8CCC02-C13B-49D2-865F-368065F43B5C}.Release|iPhoneSimulator.Build.0 = Release|Any CPU
		{CF8CCC02-C13B-49D2-865F-368065F43B5C}.Debug|iPhone.ActiveCfg = Debug|Any CPU
		{CF8CCC02-C13B-49D2-865F-368065F43B5C}.Debug|iPhone.Build.0 = Debug|Any CPU
		{CF8CCC02-C13B-49D2-865F-368065F43B5C}.Release|iPhone.ActiveCfg = Release|Any CPU
		{CF8CCC02-C13B-49D2-865F-368065F43B5C}.Release|iPhone.Build.0 = Release|Any CPU
		{03D0C47B-82AA-4A8B-A944-7D76B2EB154B}.Debug|Any CPU.ActiveCfg = Debug|Any CPU
		{03D0C47B-82AA-4A8B-A944-7D76B2EB154B}.Debug|Any CPU.Build.0 = Debug|Any CPU
		{03D0C47B-82AA-4A8B-A944-7D76B2EB154B}.Release|Any CPU.ActiveCfg = Release|Any CPU
		{03D0C47B-82AA-4A8B-A944-7D76B2EB154B}.Release|Any CPU.Build.0 = Release|Any CPU
		{03D0C47B-82AA-4A8B-A944-7D76B2EB154B}.Debug|iPhoneSimulator.ActiveCfg = Debug|Any CPU
		{03D0C47B-82AA-4A8B-A944-7D76B2EB154B}.Debug|iPhoneSimulator.Build.0 = Debug|Any CPU
		{03D0C47B-82AA-4A8B-A944-7D76B2EB154B}.Release|iPhoneSimulator.ActiveCfg = Release|Any CPU
		{03D0C47B-82AA-4A8B-A944-7D76B2EB154B}.Release|iPhoneSimulator.Build.0 = Release|Any CPU
		{03D0C47B-82AA-4A8B-A944-7D76B2EB154B}.Debug|iPhone.ActiveCfg = Debug|Any CPU
		{03D0C47B-82AA-4A8B-A944-7D76B2EB154B}.Debug|iPhone.Build.0 = Debug|Any CPU
		{03D0C47B-82AA-4A8B-A944-7D76B2EB154B}.Release|iPhone.ActiveCfg = Release|Any CPU
		{03D0C47B-82AA-4A8B-A944-7D76B2EB154B}.Release|iPhone.Build.0 = Release|Any CPU
		{AC55B64B-6D35-456A-BDBC-A0A0719846FE}.Debug|Any CPU.ActiveCfg = Debug|Any CPU
		{AC55B64B-6D35-456A-BDBC-A0A0719846FE}.Debug|Any CPU.Build.0 = Debug|Any CPU
		{AC55B64B-6D35-456A-BDBC-A0A0719846FE}.Release|Any CPU.ActiveCfg = Release|Any CPU
		{AC55B64B-6D35-456A-BDBC-A0A0719846FE}.Release|Any CPU.Build.0 = Release|Any CPU
		{AC55B64B-6D35-456A-BDBC-A0A0719846FE}.Debug|iPhoneSimulator.ActiveCfg = Debug|Any CPU
		{AC55B64B-6D35-456A-BDBC-A0A0719846FE}.Debug|iPhoneSimulator.Build.0 = Debug|Any CPU
		{AC55B64B-6D35-456A-BDBC-A0A0719846FE}.Release|iPhoneSimulator.ActiveCfg = Release|Any CPU
		{AC55B64B-6D35-456A-BDBC-A0A0719846FE}.Release|iPhoneSimulator.Build.0 = Release|Any CPU
		{AC55B64B-6D35-456A-BDBC-A0A0719846FE}.Debug|iPhone.ActiveCfg = Debug|Any CPU
		{AC55B64B-6D35-456A-BDBC-A0A0719846FE}.Debug|iPhone.Build.0 = Debug|Any CPU
		{AC55B64B-6D35-456A-BDBC-A0A0719846FE}.Release|iPhone.ActiveCfg = Release|Any CPU
		{AC55B64B-6D35-456A-BDBC-A0A0719846FE}.Release|iPhone.Build.0 = Release|Any CPU
		{DCF46CF0-65FA-4ED8-9D2E-9D4972D5E569}.Debug|Any CPU.ActiveCfg = Debug|Any CPU
		{DCF46CF0-65FA-4ED8-9D2E-9D4972D5E569}.Debug|Any CPU.Build.0 = Debug|Any CPU
		{DCF46CF0-65FA-4ED8-9D2E-9D4972D5E569}.Release|Any CPU.ActiveCfg = Release|Any CPU
		{DCF46CF0-65FA-4ED8-9D2E-9D4972D5E569}.Release|Any CPU.Build.0 = Release|Any CPU
		{DCF46CF0-65FA-4ED8-9D2E-9D4972D5E569}.Debug|iPhoneSimulator.ActiveCfg = Debug|Any CPU
		{DCF46CF0-65FA-4ED8-9D2E-9D4972D5E569}.Debug|iPhoneSimulator.Build.0 = Debug|Any CPU
		{DCF46CF0-65FA-4ED8-9D2E-9D4972D5E569}.Release|iPhoneSimulator.ActiveCfg = Release|Any CPU
		{DCF46CF0-65FA-4ED8-9D2E-9D4972D5E569}.Release|iPhoneSimulator.Build.0 = Release|Any CPU
		{DCF46CF0-65FA-4ED8-9D2E-9D4972D5E569}.Debug|iPhone.ActiveCfg = Debug|Any CPU
		{DCF46CF0-65FA-4ED8-9D2E-9D4972D5E569}.Debug|iPhone.Build.0 = Debug|Any CPU
		{DCF46CF0-65FA-4ED8-9D2E-9D4972D5E569}.Release|iPhone.ActiveCfg = Release|Any CPU
		{DCF46CF0-65FA-4ED8-9D2E-9D4972D5E569}.Release|iPhone.Build.0 = Release|Any CPU
		{C3CFEE2E-408C-49F8-BDF2-E470D64879A8}.Debug|Any CPU.ActiveCfg = Debug|Any CPU
		{C3CFEE2E-408C-49F8-BDF2-E470D64879A8}.Debug|Any CPU.Build.0 = Debug|Any CPU
		{C3CFEE2E-408C-49F8-BDF2-E470D64879A8}.Release|Any CPU.ActiveCfg = Release|Any CPU
		{C3CFEE2E-408C-49F8-BDF2-E470D64879A8}.Release|Any CPU.Build.0 = Release|Any CPU
		{C3CFEE2E-408C-49F8-BDF2-E470D64879A8}.Debug|iPhoneSimulator.ActiveCfg = Debug|Any CPU
		{C3CFEE2E-408C-49F8-BDF2-E470D64879A8}.Debug|iPhoneSimulator.Build.0 = Debug|Any CPU
		{C3CFEE2E-408C-49F8-BDF2-E470D64879A8}.Release|iPhoneSimulator.ActiveCfg = Release|Any CPU
		{C3CFEE2E-408C-49F8-BDF2-E470D64879A8}.Release|iPhoneSimulator.Build.0 = Release|Any CPU
		{C3CFEE2E-408C-49F8-BDF2-E470D64879A8}.Debug|iPhone.ActiveCfg = Debug|Any CPU
		{C3CFEE2E-408C-49F8-BDF2-E470D64879A8}.Debug|iPhone.Build.0 = Debug|Any CPU
		{C3CFEE2E-408C-49F8-BDF2-E470D64879A8}.Release|iPhone.ActiveCfg = Release|Any CPU
		{C3CFEE2E-408C-49F8-BDF2-E470D64879A8}.Release|iPhone.Build.0 = Release|Any CPU
		{191860E1-8C17-44EA-96B6-CCCFD47F9138}.Debug|Any CPU.ActiveCfg = Debug|Any CPU
		{191860E1-8C17-44EA-96B6-CCCFD47F9138}.Debug|Any CPU.Build.0 = Debug|Any CPU
		{191860E1-8C17-44EA-96B6-CCCFD47F9138}.Release|Any CPU.ActiveCfg = Release|Any CPU
		{191860E1-8C17-44EA-96B6-CCCFD47F9138}.Release|Any CPU.Build.0 = Release|Any CPU
		{191860E1-8C17-44EA-96B6-CCCFD47F9138}.Debug|iPhoneSimulator.ActiveCfg = Debug|Any CPU
		{191860E1-8C17-44EA-96B6-CCCFD47F9138}.Debug|iPhoneSimulator.Build.0 = Debug|Any CPU
		{191860E1-8C17-44EA-96B6-CCCFD47F9138}.Release|iPhoneSimulator.ActiveCfg = Release|Any CPU
		{191860E1-8C17-44EA-96B6-CCCFD47F9138}.Release|iPhoneSimulator.Build.0 = Release|Any CPU
		{191860E1-8C17-44EA-96B6-CCCFD47F9138}.Debug|iPhone.ActiveCfg = Debug|Any CPU
		{191860E1-8C17-44EA-96B6-CCCFD47F9138}.Debug|iPhone.Build.0 = Debug|Any CPU
		{191860E1-8C17-44EA-96B6-CCCFD47F9138}.Release|iPhone.ActiveCfg = Release|Any CPU
		{191860E1-8C17-44EA-96B6-CCCFD47F9138}.Release|iPhone.Build.0 = Release|Any CPU
		{A54858B5-BAFA-4F54-92F9-679055D7840E}.Debug|Any CPU.ActiveCfg = Debug|Any CPU
		{A54858B5-BAFA-4F54-92F9-679055D7840E}.Debug|Any CPU.Build.0 = Debug|Any CPU
		{A54858B5-BAFA-4F54-92F9-679055D7840E}.Release|Any CPU.ActiveCfg = Release|Any CPU
		{A54858B5-BAFA-4F54-92F9-679055D7840E}.Release|Any CPU.Build.0 = Release|Any CPU
		{A54858B5-BAFA-4F54-92F9-679055D7840E}.Debug|iPhoneSimulator.ActiveCfg = Debug|Any CPU
		{A54858B5-BAFA-4F54-92F9-679055D7840E}.Debug|iPhoneSimulator.Build.0 = Debug|Any CPU
		{A54858B5-BAFA-4F54-92F9-679055D7840E}.Release|iPhoneSimulator.ActiveCfg = Release|Any CPU
		{A54858B5-BAFA-4F54-92F9-679055D7840E}.Release|iPhoneSimulator.Build.0 = Release|Any CPU
		{A54858B5-BAFA-4F54-92F9-679055D7840E}.Debug|iPhone.ActiveCfg = Debug|Any CPU
		{A54858B5-BAFA-4F54-92F9-679055D7840E}.Debug|iPhone.Build.0 = Debug|Any CPU
		{A54858B5-BAFA-4F54-92F9-679055D7840E}.Release|iPhone.ActiveCfg = Release|Any CPU
		{A54858B5-BAFA-4F54-92F9-679055D7840E}.Release|iPhone.Build.0 = Release|Any CPU
	EndGlobalSection
EndGlobal
